
Microsoft Visual Studio Solution File, Format Version 12.00
# Visual Studio 15
VisualStudioVersion = 15.0.27703.2035
MinimumVisualStudioVersion = 10.0.40219.1
Project("{FAE04EC0-301F-11D3-BF4B-00C04F79EFBC}") = "ConsoleApp4", "ConsoleApp4\ConsoleApp4.csproj", "{024B09D9-00A1-4DA1-BEC3-A03EA1D84664}"
EndProject
Project("{FAE04EC0-301F-11D3-BF4B-00C04F79EFBC}") = "Iteration2", "Iteration2\Iteration2.csproj", "{6C57DC7C-43A8-4910-8C8A-58DC87D697B4}"
EndProject
Project("{FAE04EC0-301F-11D3-BF4B-00C04F79EFBC}") = "ClassLibrary1", "ClassLibrary1\ClassLibrary1.csproj", "{F953F9BC-728B-4063-AC47-09F778EEFC67}"
EndProject
Project("{FAE04EC0-301F-11D3-BF4B-00C04F79EFBC}") = "ConsoleApp1", "ConsoleApp1\ConsoleApp1.csproj", "{86E0CD1C-565F-405A-BF1F-D448DEED63A5}"
EndProject
Global
	GlobalSection(SolutionConfigurationPlatforms) = preSolution
		Debug|Any CPU = Debug|Any CPU
		Release|Any CPU = Release|Any CPU
	EndGlobalSection
	GlobalSection(ProjectConfigurationPlatforms) = postSolution
		{024B09D9-00A1-4DA1-BEC3-A03EA1D84664}.Debug|Any CPU.ActiveCfg = Debug|Any CPU
		{024B09D9-00A1-4DA1-BEC3-A03EA1D84664}.Debug|Any CPU.Build.0 = Debug|Any CPU
		{024B09D9-00A1-4DA1-BEC3-A03EA1D84664}.Release|Any CPU.ActiveCfg = Release|Any CPU
		{024B09D9-00A1-4DA1-BEC3-A03EA1D84664}.Release|Any CPU.Build.0 = Release|Any CPU
		{6C57DC7C-43A8-4910-8C8A-58DC87D697B4}.Debug|Any CPU.ActiveCfg = Debug|Any CPU
		{6C57DC7C-43A8-4910-8C8A-58DC87D697B4}.Debug|Any CPU.Build.0 = Debug|Any CPU
		{6C57DC7C-43A8-4910-8C8A-58DC87D697B4}.Release|Any CPU.ActiveCfg = Release|Any CPU
		{6C57DC7C-43A8-4910-8C8A-58DC87D697B4}.Release|Any CPU.Build.0 = Release|Any CPU
		{F953F9BC-728B-4063-AC47-09F778EEFC67}.Debug|Any CPU.ActiveCfg = Debug|Any CPU
		{F953F9BC-728B-4063-AC47-09F778EEFC67}.Debug|Any CPU.Build.0 = Debug|Any CPU
		{F953F9BC-728B-4063-AC47-09F778EEFC67}.Release|Any CPU.ActiveCfg = Release|Any CPU
		{F953F9BC-728B-4063-AC47-09F778EEFC67}.Release|Any CPU.Build.0 = Release|Any CPU
		{86E0CD1C-565F-405A-BF1F-D448DEED63A5}.Debug|Any CPU.ActiveCfg = Debug|Any CPU
		{86E0CD1C-565F-405A-BF1F-D448DEED63A5}.Debug|Any CPU.Build.0 = Debug|Any CPU
		{86E0CD1C-565F-405A-BF1F-D448DEED63A5}.Release|Any CPU.ActiveCfg = Release|Any CPU
		{86E0CD1C-565F-405A-BF1F-D448DEED63A5}.Release|Any CPU.Build.0 = Release|Any CPU
	EndGlobalSection
	GlobalSection(SolutionProperties) = preSolution
		HideSolutionNode = FALSE
	EndGlobalSection
	GlobalSection(ExtensibilityGlobals) = postSolution
		SolutionGuid = {FB9F9439-5794-4D6A-B624-8F1DD8EAE123}
	EndGlobalSection
EndGlobal
